// !$*UTF8*$!
{
	archiveVersion = 1;
	classes = {
	};
	objectVersion = 55;
	objects = {

/* Begin PBXBuildFile section */
		89C8C47528C1EC950045E9ED /* MovieModel.swift in Sources */ = {isa = PBXBuildFile; fileRef = 89C8C47428C1EC950045E9ED /* MovieModel.swift */; };
		89CC643928BF52D0003D540B /* AppDelegate.swift in Sources */ = {isa = PBXBuildFile; fileRef = 89CC643828BF52D0003D540B /* AppDelegate.swift */; };
		89CC643B28BF52D0003D540B /* SceneDelegate.swift in Sources */ = {isa = PBXBuildFile; fileRef = 89CC643A28BF52D0003D540B /* SceneDelegate.swift */; };
		89CC643D28BF52D0003D540B /* MovieViewController.swift in Sources */ = {isa = PBXBuildFile; fileRef = 89CC643C28BF52D0003D540B /* MovieViewController.swift */; };
		89CC644028BF52D0003D540B /* Main.storyboard in Resources */ = {isa = PBXBuildFile; fileRef = 89CC643E28BF52D0003D540B /* Main.storyboard */; };
		89CC644228BF52D1003D540B /* Assets.xcassets in Resources */ = {isa = PBXBuildFile; fileRef = 89CC644128BF52D1003D540B /* Assets.xcassets */; };
		89CC644528BF52D1003D540B /* LaunchScreen.storyboard in Resources */ = {isa = PBXBuildFile; fileRef = 89CC644328BF52D1003D540B /* LaunchScreen.storyboard */; };
		89CC645328BF5AE1003D540B /* Extension + UITableViewCell.swift in Sources */ = {isa = PBXBuildFile; fileRef = 89CC645228BF5AE1003D540B /* Extension + UITableViewCell.swift */; };
		89D84F7E28C3418500516967 /* Collections in Frameworks */ = {isa = PBXBuildFile; productRef = 89D84F7D28C3418500516967 /* Collections */; };
		89D84F8028C3418500516967 /* DequeModule in Frameworks */ = {isa = PBXBuildFile; productRef = 89D84F7F28C3418500516967 /* DequeModule */; };
		89D84F8228C3418500516967 /* OrderedCollections in Frameworks */ = {isa = PBXBuildFile; productRef = 89D84F8128C3418500516967 /* OrderedCollections */; };
/* End PBXBuildFile section */

/* Begin PBXFileReference section */
		89C8C47428C1EC950045E9ED /* MovieModel.swift */ = {isa = PBXFileReference; lastKnownFileType = sourcecode.swift; path = MovieModel.swift; sourceTree = "<group>"; };
		89CC643528BF52D0003D540B /* movieListTest.app */ = {isa = PBXFileReference; explicitFileType = wrapper.application; includeInIndex = 0; path = movieListTest.app; sourceTree = BUILT_PRODUCTS_DIR; };
		89CC643828BF52D0003D540B /* AppDelegate.swift */ = {isa = PBXFileReference; lastKnownFileType = sourcecode.swift; path = AppDelegate.swift; sourceTree = "<group>"; };
		89CC643A28BF52D0003D540B /* SceneDelegate.swift */ = {isa = PBXFileReference; lastKnownFileType = sourcecode.swift; path = SceneDelegate.swift; sourceTree = "<group>"; };
		89CC643C28BF52D0003D540B /* MovieViewController.swift */ = {isa = PBXFileReference; lastKnownFileType = sourcecode.swift; path = MovieViewController.swift; sourceTree = "<group>"; };
		89CC643F28BF52D0003D540B /* Base */ = {isa = PBXFileReference; lastKnownFileType = file.storyboard; name = Base; path = Base.lproj/Main.storyboard; sourceTree = "<group>"; };
		89CC644128BF52D1003D540B /* Assets.xcassets */ = {isa = PBXFileReference; lastKnownFileType = folder.assetcatalog; path = Assets.xcassets; sourceTree = "<group>"; };
		89CC644428BF52D1003D540B /* Base */ = {isa = PBXFileReference; lastKnownFileType = file.storyboard; name = Base; path = Base.lproj/LaunchScreen.storyboard; sourceTree = "<group>"; };
		89CC644628BF52D1003D540B /* Info.plist */ = {isa = PBXFileReference; lastKnownFileType = text.plist.xml; path = Info.plist; sourceTree = "<group>"; };
		89CC645228BF5AE1003D540B /* Extension + UITableViewCell.swift */ = {isa = PBXFileReference; lastKnownFileType = sourcecode.swift; path = "Extension + UITableViewCell.swift"; sourceTree = "<group>"; };
/* End PBXFileReference section */

/* Begin PBXFrameworksBuildPhase section */
		89CC643228BF52D0003D540B /* Frameworks */ = {
			isa = PBXFrameworksBuildPhase;
			buildActionMask = 2147483647;
			files = (
				89D84F7E28C3418500516967 /* Collections in Frameworks */,
				89D84F8028C3418500516967 /* DequeModule in Frameworks */,
				89D84F8228C3418500516967 /* OrderedCollections in Frameworks */,
			);
			runOnlyForDeploymentPostprocessing = 0;
		};
/* End PBXFrameworksBuildPhase section */

/* Begin PBXGroup section */
		89C8C47628C1EC990045E9ED /* Models */ = {
			isa = PBXGroup;
			children = (
				89C8C47428C1EC950045E9ED /* MovieModel.swift */,
			);
			path = Models;
			sourceTree = "<group>";
		};
		89CC642C28BF52D0003D540B = {
			isa = PBXGroup;
			children = (
				89CC643728BF52D0003D540B /* movieListTest */,
				89CC643628BF52D0003D540B /* Products */,
			);
			sourceTree = "<group>";
		};
		89CC643628BF52D0003D540B /* Products */ = {
			isa = PBXGroup;
			children = (
				89CC643528BF52D0003D540B /* movieListTest.app */,
			);
			name = Products;
			sourceTree = "<group>";
		};
		89CC643728BF52D0003D540B /* movieListTest */ = {
			isa = PBXGroup;
			children = (
				89CC644F28BF55E7003D540B /* Application */,
				89C8C47628C1EC990045E9ED /* Models */,
				89CC644D28BF55D7003D540B /* View Controllers */,
				89CC644C28BF55CE003D540B /* Storyboards */,
				89CC645528BF5C91003D540B /* Extensions */,
				89CC644E28BF55DE003D540B /* Resources */,
			);
			path = movieListTest;
			sourceTree = "<group>";
		};
		89CC644C28BF55CE003D540B /* Storyboards */ = {
			isa = PBXGroup;
			children = (
				89CC643E28BF52D0003D540B /* Main.storyboard */,
				89CC644328BF52D1003D540B /* LaunchScreen.storyboard */,
			);
			path = Storyboards;
			sourceTree = "<group>";
		};
		89CC644D28BF55D7003D540B /* View Controllers */ = {
			isa = PBXGroup;
			children = (
				89CC643C28BF52D0003D540B /* MovieViewController.swift */,
			);
			path = "View Controllers";
			sourceTree = "<group>";
		};
		89CC644E28BF55DE003D540B /* Resources */ = {
			isa = PBXGroup;
			children = (
				89CC644128BF52D1003D540B /* Assets.xcassets */,
			);
			path = Resources;
			sourceTree = "<group>";
		};
		89CC644F28BF55E7003D540B /* Application */ = {
			isa = PBXGroup;
			children = (
				89CC643828BF52D0003D540B /* AppDelegate.swift */,
				89CC643A28BF52D0003D540B /* SceneDelegate.swift */,
				89CC644628BF52D1003D540B /* Info.plist */,
			);
			path = Application;
			sourceTree = "<group>";
		};
		89CC645528BF5C91003D540B /* Extensions */ = {
			isa = PBXGroup;
			children = (
				89CC645228BF5AE1003D540B /* Extension + UITableViewCell.swift */,
			);
			path = Extensions;
			sourceTree = "<group>";
		};
/* End PBXGroup section */

/* Begin PBXNativeTarget section */
		89CC643428BF52D0003D540B /* movieListTest */ = {
			isa = PBXNativeTarget;
			buildConfigurationList = 89CC644928BF52D1003D540B /* Build configuration list for PBXNativeTarget "movieListTest" */;
			buildPhases = (
				89CC643128BF52D0003D540B /* Sources */,
				89CC643228BF52D0003D540B /* Frameworks */,
				89CC643328BF52D0003D540B /* Resources */,
			);
			buildRules = (
			);
			dependencies = (
			);
			name = movieListTest;
			packageProductDependencies = (
				89D84F7D28C3418500516967 /* Collections */,
				89D84F7F28C3418500516967 /* DequeModule */,
				89D84F8128C3418500516967 /* OrderedCollections */,
			);
			productName = movieListTest;
			productReference = 89CC643528BF52D0003D540B /* movieListTest.app */;
			productType = "com.apple.product-type.application";
		};
/* End PBXNativeTarget section */

/* Begin PBXProject section */
		89CC642D28BF52D0003D540B /* Project object */ = {
			isa = PBXProject;
			attributes = {
				BuildIndependentTargetsInParallel = 1;
				LastSwiftUpdateCheck = 1340;
				LastUpgradeCheck = 1340;
				TargetAttributes = {
					89CC643428BF52D0003D540B = {
						CreatedOnToolsVersion = 13.4;
					};
				};
			};
			buildConfigurationList = 89CC643028BF52D0003D540B /* Build configuration list for PBXProject "movieListTest" */;
			compatibilityVersion = "Xcode 13.0";
			developmentRegion = en;
			hasScannedForEncodings = 0;
			knownRegions = (
				en,
				Base,
			);
			mainGroup = 89CC642C28BF52D0003D540B;
			packageReferences = (
				89D84F7C28C3418500516967 /* XCRemoteSwiftPackageReference "swift-collections" */,
			);
			productRefGroup = 89CC643628BF52D0003D540B /* Products */;
			projectDirPath = "";
			projectRoot = "";
			targets = (
				89CC643428BF52D0003D540B /* movieListTest */,
			);
		};
/* End PBXProject section */

/* Begin PBXResourcesBuildPhase section */
		89CC643328BF52D0003D540B /* Resources */ = {
			isa = PBXResourcesBuildPhase;
			buildActionMask = 2147483647;
			files = (
				89CC644528BF52D1003D540B /* LaunchScreen.storyboard in Resources */,
				89CC644228BF52D1003D540B /* Assets.xcassets in Resources */,
				89CC644028BF52D0003D540B /* Main.storyboard in Resources */,
			);
			runOnlyForDeploymentPostprocessing = 0;
		};
/* End PBXResourcesBuildPhase section */

/* Begin PBXSourcesBuildPhase section */
		89CC643128BF52D0003D540B /* Sources */ = {
			isa = PBXSourcesBuildPhase;
			buildActionMask = 2147483647;
			files = (
				89CC643D28BF52D0003D540B /* MovieViewController.swift in Sources */,
				89CC643928BF52D0003D540B /* AppDelegate.swift in Sources */,
				89C8C47528C1EC950045E9ED /* MovieModel.swift in Sources */,
				89CC643B28BF52D0003D540B /* SceneDelegate.swift in Sources */,
				89CC645328BF5AE1003D540B /* Extension + UITableViewCell.swift in Sources */,
			);
			runOnlyForDeploymentPostprocessing = 0;
		};
/* End PBXSourcesBuildPhase section */

/* Begin PBXVariantGroup section */
		89CC643E28BF52D0003D540B /* Main.storyboard */ = {
			isa = PBXVariantGroup;
			children = (
				89CC643F28BF52D0003D540B /* Base */,
			);
			name = Main.storyboard;
			sourceTree = "<group>";
		};
		89CC644328BF52D1003D540B /* LaunchScreen.storyboard */ = {
			isa = PBXVariantGroup;
			children = (
				89CC644428BF52D1003D540B /* Base */,
			);
			name = LaunchScreen.storyboard;
			sourceTree = "<group>";
		};
/* End PBXVariantGroup section */

/* Begin XCBuildConfiguration section */
		89CC644728BF52D1003D540B /* Debug */ = {
			isa = XCBuildConfiguration;
			buildSettings = {
				ALWAYS_SEARCH_USER_PATHS = NO;
				CLANG_ANALYZER_NONNULL = YES;
				CLANG_ANALYZER_NUMBER_OBJECT_CONVERSION = YES_AGGRESSIVE;
				CLANG_CXX_LANGUAGE_STANDARD = "gnu++17";
				CLANG_ENABLE_MODULES = YES;
				CLANG_ENABLE_OBJC_ARC = YES;
				CLANG_ENABLE_OBJC_WEAK = YES;
				CLANG_WARN_BLOCK_CAPTURE_AUTORELEASING = YES;
				CLANG_WARN_BOOL_CONVERSION = YES;
				CLANG_WARN_COMMA = YES;
				CLANG_WARN_CONSTANT_CONVERSION = YES;
				CLANG_WARN_DEPRECATED_OBJC_IMPLEMENTATIONS = YES;
				CLANG_WARN_DIRECT_OBJC_ISA_USAGE = YES_ERROR;
				CLANG_WARN_DOCUMENTATION_COMMENTS = YES;
				CLANG_WARN_EMPTY_BODY = YES;
				CLANG_WARN_ENUM_CONVERSION = YES;
				CLANG_WARN_INFINITE_RECURSION = YES;
				CLANG_WARN_INT_CONVERSION = YES;
				CLANG_WARN_NON_LITERAL_NULL_CONVERSION = YES;
				CLANG_WARN_OBJC_IMPLICIT_RETAIN_SELF = YES;
				CLANG_WARN_OBJC_LITERAL_CONVERSION = YES;
				CLANG_WARN_OBJC_ROOT_CLASS = YES_ERROR;
				CLANG_WARN_QUOTED_INCLUDE_IN_FRAMEWORK_HEADER = YES;
				CLANG_WARN_RANGE_LOOP_ANALYSIS = YES;
				CLANG_WARN_STRICT_PROTOTYPES = YES;
				CLANG_WARN_SUSPICIOUS_MOVE = YES;
				CLANG_WARN_UNGUARDED_AVAILABILITY = YES_AGGRESSIVE;
				CLANG_WARN_UNREACHABLE_CODE = YES;
				CLANG_WARN__DUPLICATE_METHOD_MATCH = YES;
				COPY_PHASE_STRIP = NO;
				DEBUG_INFORMATION_FORMAT = dwarf;
				ENABLE_STRICT_OBJC_MSGSEND = YES;
				ENABLE_TESTABILITY = YES;
				GCC_C_LANGUAGE_STANDARD = gnu11;
				GCC_DYNAMIC_NO_PIC = NO;
				GCC_NO_COMMON_BLOCKS = YES;
				GCC_OPTIMIZATION_LEVEL = 0;
				GCC_PREPROCESSOR_DEFINITIONS = (
					"DEBUG=1",
					"$(inherited)",
				);
				GCC_WARN_64_TO_32_BIT_CONVERSION = YES;
				GCC_WARN_ABOUT_RETURN_TYPE = YES_ERROR;
				GCC_WARN_UNDECLARED_SELECTOR = YES;
				GCC_WARN_UNINITIALIZED_AUTOS = YES_AGGRESSIVE;
				GCC_WARN_UNUSED_FUNCTION = YES;
				GCC_WARN_UNUSED_VARIABLE = YES;
				IPHONEOS_DEPLOYMENT_TARGET = 15.5;
				MTL_ENABLE_DEBUG_INFO = INCLUDE_SOURCE;
				MTL_FAST_MATH = YES;
				ONLY_ACTIVE_ARCH = YES;
				SDKROOT = iphoneos;
				SWIFT_ACTIVE_COMPILATION_CONDITIONS = DEBUG;
				SWIFT_OPTIMIZATION_LEVEL = "-Onone";
			};
			name = Debug;
		};
		89CC644828BF52D1003D540B /* Release */ = {
			isa = XCBuildConfiguration;
			buildSettings = {
				ALWAYS_SEARCH_USER_PATHS = NO;
				CLANG_ANALYZER_NONNULL = YES;
				CLANG_ANALYZER_NUMBER_OBJECT_CONVERSION = YES_AGGRESSIVE;
				CLANG_CXX_LANGUAGE_STANDARD = "gnu++17";
				CLANG_ENABLE_MODULES = YES;
				CLANG_ENABLE_OBJC_ARC = YES;
				CLANG_ENABLE_OBJC_WEAK = YES;
				CLANG_WARN_BLOCK_CAPTURE_AUTORELEASING = YES;
				CLANG_WARN_BOOL_CONVERSION = YES;
				CLANG_WARN_COMMA = YES;
				CLANG_WARN_CONSTANT_CONVERSION = YES;
				CLANG_WARN_DEPRECATED_OBJC_IMPLEMENTATIONS = YES;
				CLANG_WARN_DIRECT_OBJC_ISA_USAGE = YES_ERROR;
				CLANG_WARN_DOCUMENTATION_COMMENTS = YES;
				CLANG_WARN_EMPTY_BODY = YES;
				CLANG_WARN_ENUM_CONVERSION = YES;
				CLANG_WARN_INFINITE_RECURSION = YES;
				CLANG_WARN_INT_CONVERSION = YES;
				CLANG_WARN_NON_LITERAL_NULL_CONVERSION = YES;
				CLANG_WARN_OBJC_IMPLICIT_RETAIN_SELF = YES;
				CLANG_WARN_OBJC_LITERAL_CONVERSION = YES;
				CLANG_WARN_OBJC_ROOT_CLASS = YES_ERROR;
				CLANG_WARN_QUOTED_INCLUDE_IN_FRAMEWORK_HEADER = YES;
				CLANG_WARN_RANGE_LOOP_ANALYSIS = YES;
				CLANG_WARN_STRICT_PROTOTYPES = YES;
				CLANG_WARN_SUSPICIOUS_MOVE = YES;
				CLANG_WARN_UNGUARDED_AVAILABILITY = YES_AGGRESSIVE;
				CLANG_WARN_UNREACHABLE_CODE = YES;
				CLANG_WARN__DUPLICATE_METHOD_MATCH = YES;
				COPY_PHASE_STRIP = NO;
				DEBUG_INFORMATION_FORMAT = "dwarf-with-dsym";
				ENABLE_NS_ASSERTIONS = NO;
				ENABLE_STRICT_OBJC_MSGSEND = YES;
				GCC_C_LANGUAGE_STANDARD = gnu11;
				GCC_NO_COMMON_BLOCKS = YES;
				GCC_WARN_64_TO_32_BIT_CONVERSION = YES;
				GCC_WARN_ABOUT_RETURN_TYPE = YES_ERROR;
				GCC_WARN_UNDECLARED_SELECTOR = YES;
				GCC_WARN_UNINITIALIZED_AUTOS = YES_AGGRESSIVE;
				GCC_WARN_UNUSED_FUNCTION = YES;
				GCC_WARN_UNUSED_VARIABLE = YES;
				IPHONEOS_DEPLOYMENT_TARGET = 15.5;
				MTL_ENABLE_DEBUG_INFO = NO;
				MTL_FAST_MATH = YES;
				SDKROOT = iphoneos;
				SWIFT_COMPILATION_MODE = wholemodule;
				SWIFT_OPTIMIZATION_LEVEL = "-O";
				VALIDATE_PRODUCT = YES;
			};
			name = Release;
		};
		89CC644A28BF52D1003D540B /* Debug */ = {
			isa = XCBuildConfiguration;
			buildSettings = {
				ASSETCATALOG_COMPILER_APPICON_NAME = AppIcon;
				ASSETCATALOG_COMPILER_GLOBAL_ACCENT_COLOR_NAME = AccentColor;
				CODE_SIGN_STYLE = Automatic;
				CURRENT_PROJECT_VERSION = 1;
				DEVELOPMENT_TEAM = V2AAW35578;
				GENERATE_INFOPLIST_FILE = YES;
				INFOPLIST_FILE = movieListTest/Application/Info.plist;
				INFOPLIST_KEY_UIApplicationSupportsIndirectInputEvents = YES;
				INFOPLIST_KEY_UILaunchStoryboardName = LaunchScreen;
				INFOPLIST_KEY_UIMainStoryboardFile = Main;
				INFOPLIST_KEY_UISupportedInterfaceOrientations_iPad = "UIInterfaceOrientationPortrait UIInterfaceOrientationPortraitUpsideDown UIInterfaceOrientationLandscapeLeft UIInterfaceOrientationLandscapeRight";
				INFOPLIST_KEY_UISupportedInterfaceOrientations_iPhone = "UIInterfaceOrientationPortrait UIInterfaceOrientationLandscapeLeft UIInterfaceOrientationLandscapeRight";
				LD_RUNPATH_SEARCH_PATHS = (
					"$(inherited)",
					"@executable_path/Frameworks",
				);
				MARKETING_VERSION = 1.0;
				PRODUCT_BUNDLE_IDENTIFIER = clown.movieListTest;
				PRODUCT_NAME = "$(TARGET_NAME)";
				SWIFT_EMIT_LOC_STRINGS = YES;
				SWIFT_VERSION = 5.0;
				TARGETED_DEVICE_FAMILY = "1,2";
			};
			name = Debug;
		};
		89CC644B28BF52D1003D540B /* Release */ = {
			isa = XCBuildConfiguration;
			buildSettings = {
				ASSETCATALOG_COMPILER_APPICON_NAME = AppIcon;
				ASSETCATALOG_COMPILER_GLOBAL_ACCENT_COLOR_NAME = AccentColor;
				CODE_SIGN_STYLE = Automatic;
				CURRENT_PROJECT_VERSION = 1;
				DEVELOPMENT_TEAM = V2AAW35578;
				GENERATE_INFOPLIST_FILE = YES;
				INFOPLIST_FILE = movieListTest/Application/Info.plist;
				INFOPLIST_KEY_UIApplicationSupportsIndirectInputEvents = YES;
				INFOPLIST_KEY_UILaunchStoryboardName = LaunchScreen;
				INFOPLIST_KEY_UIMainStoryboardFile = Main;
				INFOPLIST_KEY_UISupportedInterfaceOrientations_iPad = "UIInterfaceOrientationPortrait UIInterfaceOrientationPortraitUpsideDown UIInterfaceOrientationLandscapeLeft UIInterfaceOrientationLandscapeRight";
				INFOPLIST_KEY_UISupportedInterfaceOrientations_iPhone = "UIInterfaceOrientationPortrait UIInterfaceOrientationLandscapeLeft UIInterfaceOrientationLandscapeRight";
				LD_RUNPATH_SEARCH_PATHS = (
					"$(inherited)",
					"@executable_path/Frameworks",
				);
				MARKETING_VERSION = 1.0;
				PRODUCT_BUNDLE_IDENTIFIER = clown.movieListTest;
				PRODUCT_NAME = "$(TARGET_NAME)";
				SWIFT_EMIT_LOC_STRINGS = YES;
				SWIFT_VERSION = 5.0;
				TARGETED_DEVICE_FAMILY = "1,2";
			};
			name = Release;
		};
/* End XCBuildConfiguration section */

/* Begin XCConfigurationList section */
		89CC643028BF52D0003D540B /* Build configuration list for PBXProject "movieListTest" */ = {
			isa = XCConfigurationList;
			buildConfigurations = (
				89CC644728BF52D1003D540B /* Debug */,
				89CC644828BF52D1003D540B /* Release */,
			);
			defaultConfigurationIsVisible = 0;
			defaultConfigurationName = Release;
		};
		89CC644928BF52D1003D540B /* Build configuration list for PBXNativeTarget "movieListTest" */ = {
			isa = XCConfigurationList;
			buildConfigurations = (
				89CC644A28BF52D1003D540B /* Debug */,
				89CC644B28BF52D1003D540B /* Release */,
			);
			defaultConfigurationIsVisible = 0;
			defaultConfigurationName = Release;
		};
/* End XCConfigurationList section */

/* Begin XCRemoteSwiftPackageReference section */
		89D84F7C28C3418500516967 /* XCRemoteSwiftPackageReference "swift-collections" */ = {
			isa = XCRemoteSwiftPackageReference;
			repositoryURL = "https://github.com/apple/swift-collections.git";
			requirement = {
				kind = upToNextMajorVersion;
				minimumVersion = 1.0.0;
			};
		};
/* End XCRemoteSwiftPackageReference section */

/* Begin XCSwiftPackageProductDependency section */
		89D84F7D28C3418500516967 /* Collections */ = {
			isa = XCSwiftPackageProductDependency;
			package = 89D84F7C28C3418500516967 /* XCRemoteSwiftPackageReference "swift-collections" */;
			productName = Collections;
		};
		89D84F7F28C3418500516967 /* DequeModule */ = {
			isa = XCSwiftPackageProductDependency;
			package = 89D84F7C28C3418500516967 /* XCRemoteSwiftPackageReference "swift-collections" */;
			productName = DequeModule;
		};
		89D84F8128C3418500516967 /* OrderedCollections */ = {
			isa = XCSwiftPackageProductDependency;
			package = 89D84F7C28C3418500516967 /* XCRemoteSwiftPackageReference "swift-collections" */;
			productName = OrderedCollections;
		};
/* End XCSwiftPackageProductDependency section */
	};
	rootObject = 89CC642D28BF52D0003D540B /* Project object */;
}
